
Microsoft Visual Studio Solution File, Format Version 12.00
# Visual Studio Version 17
VisualStudioVersion = 17.8.34316.72
MinimumVisualStudioVersion = 10.0.40219.1
Project("{9A19103F-16F7-4668-BE54-9A1E7A4F7556}") = "Course9", "Course9\Course9.csproj", "{C1A37449-37CD-46CB-8CA1-E4C67260BA0D}"
EndProject
Project("{FAE04EC0-301F-11D3-BF4B-00C04F79EFBC}") = "QueryBasics", "QueryBasics\QueryBasics.csproj", "{73D22FE1-D161-4555-877B-0E84EAFB0AA9}"
	ProjectSection(ProjectDependencies) = postProject
		{C1A37449-37CD-46CB-8CA1-E4C67260BA0D} = {C1A37449-37CD-46CB-8CA1-E4C67260BA0D}
	EndProjectSection
EndProject
Global
	GlobalSection(SolutionConfigurationPlatforms) = preSolution
		Debug|Any CPU = Debug|Any CPU
		Release|Any CPU = Release|Any CPU
	EndGlobalSection
	GlobalSection(ProjectConfigurationPlatforms) = postSolution
		{C1A37449-37CD-46CB-8CA1-E4C67260BA0D}.Debug|Any CPU.ActiveCfg = Debug|Any CPU
		{C1A37449-37CD-46CB-8CA1-E4C67260BA0D}.Debug|Any CPU.Build.0 = Debug|Any CPU
		{C1A37449-37CD-46CB-8CA1-E4C67260BA0D}.Release|Any CPU.ActiveCfg = Release|Any CPU
		{C1A37449-37CD-46CB-8CA1-E4C67260BA0D}.Release|Any CPU.Build.0 = Release|Any CPU
		{73D22FE1-D161-4555-877B-0E84EAFB0AA9}.Debug|Any CPU.ActiveCfg = Debug|Any CPU
		{73D22FE1-D161-4555-877B-0E84EAFB0AA9}.Debug|Any CPU.Build.0 = Debug|Any CPU
		{73D22FE1-D161-4555-877B-0E84EAFB0AA9}.Release|Any CPU.ActiveCfg = Release|Any CPU
		{73D22FE1-D161-4555-877B-0E84EAFB0AA9}.Release|Any CPU.Build.0 = Release|Any CPU
	EndGlobalSection
	GlobalSection(SolutionProperties) = preSolution
		HideSolutionNode = FALSE
	EndGlobalSection
	GlobalSection(ExtensibilityGlobals) = postSolution
		SolutionGuid = {E8A2B3EA-4E45-471C-A953-458D4DA962BE}
	EndGlobalSection
EndGlobal
